
Microsoft Visual Studio Solution File, Format Version 12.00
# Visual Studio Version 17
VisualStudioVersion = 17.3.32825.248
MinimumVisualStudioVersion = 10.0.40219.1
Project("{FAE04EC0-301F-11D3-BF4B-00C04F79EFBC}") = "KeenDoJo", "KeenDoJo\KeenDoJo.csproj", "{42966E2C-CEF1-4A9E-A8B8-17CE1D5EC0B3}"
EndProject
Project("{9A19103F-16F7-4668-BE54-9A1E7A4F7556}") = "KeenDoJoTcpListenerServer", "KeenDoJoTCPListenerServer\KeenDoJoTcpListenerServer.csproj", "{2A447170-FE3A-4BFC-81FA-B96DB0F75752}"
EndProject
Project("{9A19103F-16F7-4668-BE54-9A1E7A4F7556}") = "KeenDoJoTcpClient", "SomeName\KeenDoJoTcpClient.csproj", "{87FD31E8-3A64-40BD-92BC-DE48D17AA647}"
EndProject
Project("{9A19103F-16F7-4668-BE54-9A1E7A4F7556}") = "CoreConsoleApp", "CoreConsoleApp\CoreConsoleApp.csproj", "{2EBB16E2-44CB-4EDC-B802-9E77AF820523}"
EndProject
Project("{9A19103F-16F7-4668-BE54-9A1E7A4F7556}") = "KeenDoJoWeb", "KeenDoJoWeb\KeenDoJoWeb.csproj", "{F55AF3D3-FAB1-41E3-BAC2-23BAF3BCB40D}"
EndProject
Project("{9A19103F-16F7-4668-BE54-9A1E7A4F7556}") = "KeenDoJoWebBackend", "KeenDoJoWebBackend\KeenDoJoWebBackend.csproj", "{C35777EB-7C7F-4502-9AA3-5653FF871C8D}"
EndProject
Project("{FAE04EC0-301F-11D3-BF4B-00C04F79EFBC}") = "KeenDoJoWindowsApp", "KeenDoJoWindowsApp\KeenDoJoWindowsApp.csproj", "{9BE62167-AD14-4979-B0DF-3E921399C7B2}"
EndProject
Global
	GlobalSection(SolutionConfigurationPlatforms) = preSolution
		Debug|Any CPU = Debug|Any CPU
		Release|Any CPU = Release|Any CPU
	EndGlobalSection
	GlobalSection(ProjectConfigurationPlatforms) = postSolution
		{42966E2C-CEF1-4A9E-A8B8-17CE1D5EC0B3}.Debug|Any CPU.ActiveCfg = Debug|Any CPU
		{42966E2C-CEF1-4A9E-A8B8-17CE1D5EC0B3}.Debug|Any CPU.Build.0 = Debug|Any CPU
		{42966E2C-CEF1-4A9E-A8B8-17CE1D5EC0B3}.Release|Any CPU.ActiveCfg = Release|Any CPU
		{42966E2C-CEF1-4A9E-A8B8-17CE1D5EC0B3}.Release|Any CPU.Build.0 = Release|Any CPU
		{2A447170-FE3A-4BFC-81FA-B96DB0F75752}.Debug|Any CPU.ActiveCfg = Debug|Any CPU
		{2A447170-FE3A-4BFC-81FA-B96DB0F75752}.Debug|Any CPU.Build.0 = Debug|Any CPU
		{2A447170-FE3A-4BFC-81FA-B96DB0F75752}.Release|Any CPU.ActiveCfg = Release|Any CPU
		{2A447170-FE3A-4BFC-81FA-B96DB0F75752}.Release|Any CPU.Build.0 = Release|Any CPU
		{87FD31E8-3A64-40BD-92BC-DE48D17AA647}.Debug|Any CPU.ActiveCfg = Debug|Any CPU
		{87FD31E8-3A64-40BD-92BC-DE48D17AA647}.Debug|Any CPU.Build.0 = Debug|Any CPU
		{87FD31E8-3A64-40BD-92BC-DE48D17AA647}.Release|Any CPU.ActiveCfg = Release|Any CPU
		{87FD31E8-3A64-40BD-92BC-DE48D17AA647}.Release|Any CPU.Build.0 = Release|Any CPU
		{2EBB16E2-44CB-4EDC-B802-9E77AF820523}.Debug|Any CPU.ActiveCfg = Debug|Any CPU
		{2EBB16E2-44CB-4EDC-B802-9E77AF820523}.Debug|Any CPU.Build.0 = Debug|Any CPU
		{2EBB16E2-44CB-4EDC-B802-9E77AF820523}.Release|Any CPU.ActiveCfg = Release|Any CPU
		{2EBB16E2-44CB-4EDC-B802-9E77AF820523}.Release|Any CPU.Build.0 = Release|Any CPU
		{F55AF3D3-FAB1-41E3-BAC2-23BAF3BCB40D}.Debug|Any CPU.ActiveCfg = Debug|Any CPU
		{F55AF3D3-FAB1-41E3-BAC2-23BAF3BCB40D}.Debug|Any CPU.Build.0 = Debug|Any CPU
		{F55AF3D3-FAB1-41E3-BAC2-23BAF3BCB40D}.Release|Any CPU.ActiveCfg = Release|Any CPU
		{F55AF3D3-FAB1-41E3-BAC2-23BAF3BCB40D}.Release|Any CPU.Build.0 = Release|Any CPU
		{C35777EB-7C7F-4502-9AA3-5653FF871C8D}.Debug|Any CPU.ActiveCfg = Debug|Any CPU
		{C35777EB-7C7F-4502-9AA3-5653FF871C8D}.Debug|Any CPU.Build.0 = Debug|Any CPU
		{C35777EB-7C7F-4502-9AA3-5653FF871C8D}.Release|Any CPU.ActiveCfg = Release|Any CPU
		{C35777EB-7C7F-4502-9AA3-5653FF871C8D}.Release|Any CPU.Build.0 = Release|Any CPU
		{9BE62167-AD14-4979-B0DF-3E921399C7B2}.Debug|Any CPU.ActiveCfg = Debug|Any CPU
		{9BE62167-AD14-4979-B0DF-3E921399C7B2}.Debug|Any CPU.Build.0 = Debug|Any CPU
		{9BE62167-AD14-4979-B0DF-3E921399C7B2}.Release|Any CPU.ActiveCfg = Release|Any CPU
		{9BE62167-AD14-4979-B0DF-3E921399C7B2}.Release|Any CPU.Build.0 = Release|Any CPU
	EndGlobalSection
	GlobalSection(SolutionProperties) = preSolution
		HideSolutionNode = FALSE
	EndGlobalSection
	GlobalSection(ExtensibilityGlobals) = postSolution
		SolutionGuid = {81857794-58C7-4A3F-B640-DEC862AEAEEF}
	EndGlobalSection
EndGlobal
